PODS:
  - ZIPFoundation (0.9.6)

DEPENDENCIES:
  - ZIPFoundation (~> 0.9)

SPEC REPOS:
  https://github.com/cocoapods/specs.git:
    - ZIPFoundation

SPEC CHECKSUMS:
  ZIPFoundation: 68c35eb2637c21abe56dc60b3277636443bc1501

PODFILE CHECKSUM: 3695a4f7cce9625df05e36eb69669144eae6cae8

COCOAPODS: 1.5.3
