// !$*UTF8*$!
{
	archiveVersion = 1;
	classes = {
	};
	objectVersion = 50;
	objects = {

/* Begin PBXBuildFile section */
		06884DFDCA059BFE04CD1424 /* Pods_Courseware.framework in Frameworks */ = {isa = PBXBuildFile; fileRef = C36D21F4F5F0E30EA1C222CD /* Pods_Courseware.framework */; };
		F943372C20D6D94E00FF8454 /* WebViewerViewController.swift in Sources */ = {isa = PBXBuildFile; fileRef = F943372B20D6D94E00FF8454 /* WebViewerViewController.swift */; };
		F943372E20D6E2E600FF8454 /* Course.swift in Sources */ = {isa = PBXBuildFile; fileRef = F943372D20D6E2E600FF8454 /* Course.swift */; };
		F943373020D6E58600FF8454 /* CourseCatelog.swift in Sources */ = {isa = PBXBuildFile; fileRef = F943372F20D6E58600FF8454 /* CourseCatelog.swift */; };
		F99336B020D378C20081B355 /* ZIPFoundation.framework in Frameworks */ = {isa = PBXBuildFile; fileRef = F99336AF20D378C20081B355 /* ZIPFoundation.framework */; };
		F9CD1DA820E14482008D5833 /* StaticMethods.swift in Sources */ = {isa = PBXBuildFile; fileRef = F9CD1DA720E14482008D5833 /* StaticMethods.swift */; };
		F9D3C55320D35696006EBF08 /* AppDelegate.swift in Sources */ = {isa = PBXBuildFile; fileRef = F9D3C55220D35696006EBF08 /* AppDelegate.swift */; };
		F9D3C55820D35696006EBF08 /* Main.storyboard in Resources */ = {isa = PBXBuildFile; fileRef = F9D3C55620D35696006EBF08 /* Main.storyboard */; };
		F9D3C55A20D35698006EBF08 /* Assets.xcassets in Resources */ = {isa = PBXBuildFile; fileRef = F9D3C55920D35698006EBF08 /* Assets.xcassets */; };
		F9D3C55D20D35698006EBF08 /* LaunchScreen.storyboard in Resources */ = {isa = PBXBuildFile; fileRef = F9D3C55B20D35698006EBF08 /* LaunchScreen.storyboard */; };
		F9D3C56920D3575F006EBF08 /* CourseListViewController.swift in Sources */ = {isa = PBXBuildFile; fileRef = F9D3C56820D3575F006EBF08 /* CourseListViewController.swift */; };
/* End PBXBuildFile section */

/* Begin PBXCopyFilesBuildPhase section */
		F99336AE20D378000081B355 /* Embed Frameworks */ = {
			isa = PBXCopyFilesBuildPhase;
			buildActionMask = 2147483647;
			dstPath = "";
			dstSubfolderSpec = 10;
			files = (
			);
			name = "Embed Frameworks";
			runOnlyForDeploymentPostprocessing = 0;
		};
/* End PBXCopyFilesBuildPhase section */

/* Begin PBXFileReference section */
		79D7465BEF70D41405D0D8D9 /* Pods-Courseware.release.xcconfig */ = {isa = PBXFileReference; includeInIndex = 1; lastKnownFileType = text.xcconfig; name = "Pods-Courseware.release.xcconfig"; path = "Pods/Target Support Files/Pods-Courseware/Pods-Courseware.release.xcconfig"; sourceTree = "<group>"; };
		C36D21F4F5F0E30EA1C222CD /* Pods_Courseware.framework */ = {isa = PBXFileReference; explicitFileType = wrapper.framework; includeInIndex = 0; path = Pods_Courseware.framework; sourceTree = BUILT_PRODUCTS_DIR; };
		C643831EAEACCB58CAB581F7 /* Pods-Courseware.debug.xcconfig */ = {isa = PBXFileReference; includeInIndex = 1; lastKnownFileType = text.xcconfig; name = "Pods-Courseware.debug.xcconfig"; path = "Pods/Target Support Files/Pods-Courseware/Pods-Courseware.debug.xcconfig"; sourceTree = "<group>"; };
		F943372B20D6D94E00FF8454 /* WebViewerViewController.swift */ = {isa = PBXFileReference; lastKnownFileType = sourcecode.swift; path = WebViewerViewController.swift; sourceTree = "<group>"; };
		F943372D20D6E2E600FF8454 /* Course.swift */ = {isa = PBXFileReference; lastKnownFileType = sourcecode.swift; path = Course.swift; sourceTree = "<group>"; };
		F943372F20D6E58600FF8454 /* CourseCatelog.swift */ = {isa = PBXFileReference; lastKnownFileType = sourcecode.swift; name = CourseCatelog.swift; path = Courseware/Models/CourseCatelog.swift; sourceTree = SOURCE_ROOT; };
		F99336AF20D378C20081B355 /* ZIPFoundation.framework */ = {isa = PBXFileReference; explicitFileType = wrapper.framework; path = ZIPFoundation.framework; sourceTree = BUILT_PRODUCTS_DIR; };
		F9CD1DA720E14482008D5833 /* StaticMethods.swift */ = {isa = PBXFileReference; lastKnownFileType = sourcecode.swift; path = StaticMethods.swift; sourceTree = "<group>"; };
		F9D3C54F20D35696006EBF08 /* Courseware.app */ = {isa = PBXFileReference; explicitFileType = wrapper.application; includeInIndex = 0; path = Courseware.app; sourceTree = BUILT_PRODUCTS_DIR; };
		F9D3C55220D35696006EBF08 /* AppDelegate.swift */ = {isa = PBXFileReference; lastKnownFileType = sourcecode.swift; path = AppDelegate.swift; sourceTree = "<group>"; };
		F9D3C55720D35696006EBF08 /* Base */ = {isa = PBXFileReference; lastKnownFileType = file.storyboard; name = Base; path = Base.lproj/Main.storyboard; sourceTree = "<group>"; };
		F9D3C55920D35698006EBF08 /* Assets.xcassets */ = {isa = PBXFileReference; lastKnownFileType = folder.assetcatalog; path = Assets.xcassets; sourceTree = "<group>"; };
		F9D3C55C20D35698006EBF08 /* Base */ = {isa = PBXFileReference; lastKnownFileType = file.storyboard; name = Base; path = Base.lproj/LaunchScreen.storyboard; sourceTree = "<group>"; };
		F9D3C55E20D35698006EBF08 /* Info.plist */ = {isa = PBXFileReference; lastKnownFileType = text.plist.xml; path = Info.plist; sourceTree = "<group>"; };
		F9D3C56820D3575F006EBF08 /* CourseListViewController.swift */ = {isa = PBXFileReference; lastKnownFileType = sourcecode.swift; path = CourseListViewController.swift; sourceTree = "<group>"; };
/* End PBXFileReference section */

/* Begin PBXFrameworksBuildPhase section */
		F9D3C54C20D35696006EBF08 /* Frameworks */ = {
			isa = PBXFrameworksBuildPhase;
			buildActionMask = 2147483647;
			files = (
				F99336B020D378C20081B355 /* ZIPFoundation.framework in Frameworks */,
				06884DFDCA059BFE04CD1424 /* Pods_Courseware.framework in Frameworks */,
			);
			runOnlyForDeploymentPostprocessing = 0;
		};
/* End PBXFrameworksBuildPhase section */

/* Begin PBXGroup section */
		9B5990E13BC86B79A6AC415F /* Frameworks */ = {
			isa = PBXGroup;
			children = (
				F99336AF20D378C20081B355 /* ZIPFoundation.framework */,
				C36D21F4F5F0E30EA1C222CD /* Pods_Courseware.framework */,
			);
			name = Frameworks;
			sourceTree = "<group>";
		};
		E44F22F329422A67FCFE0410 /* Pods */ = {
			isa = PBXGroup;
			children = (
				C643831EAEACCB58CAB581F7 /* Pods-Courseware.debug.xcconfig */,
				79D7465BEF70D41405D0D8D9 /* Pods-Courseware.release.xcconfig */,
			);
			name = Pods;
			sourceTree = "<group>";
		};
		F9D3C54620D35696006EBF08 = {
			isa = PBXGroup;
			children = (
				F9D3C55120D35696006EBF08 /* Courseware */,
				F9D3C55020D35696006EBF08 /* Products */,
				E44F22F329422A67FCFE0410 /* Pods */,
				9B5990E13BC86B79A6AC415F /* Frameworks */,
			);
			sourceTree = "<group>";
		};
		F9D3C55020D35696006EBF08 /* Products */ = {
			isa = PBXGroup;
			children = (
				F9D3C54F20D35696006EBF08 /* Courseware.app */,
			);
			name = Products;
			sourceTree = "<group>";
		};
		F9D3C55120D35696006EBF08 /* Courseware */ = {
			isa = PBXGroup;
			children = (
				F9D3C56720D35714006EBF08 /* Infrastructure */,
				F9D3C56620D3570C006EBF08 /* Views */,
				F9D3C56520D356FD006EBF08 /* Controllers */,
				F9D3C56420D356F3006EBF08 /* Models */,
				F9D3C55220D35696006EBF08 /* AppDelegate.swift */,
				F9D3C55920D35698006EBF08 /* Assets.xcassets */,
				F9D3C55E20D35698006EBF08 /* Info.plist */,
			);
			path = Courseware;
			sourceTree = "<group>";
		};
		F9D3C56420D356F3006EBF08 /* Models */ = {
			isa = PBXGroup;
			children = (
				F943372D20D6E2E600FF8454 /* Course.swift */,
				F943372F20D6E58600FF8454 /* CourseCatelog.swift */,
			);
			path = Models;
			sourceTree = "<group>";
		};
		F9D3C56520D356FD006EBF08 /* Controllers */ = {
			isa = PBXGroup;
			children = (
				F9D3C56820D3575F006EBF08 /* CourseListViewController.swift */,
				F943372B20D6D94E00FF8454 /* WebViewerViewController.swift */,
			);
			path = Controllers;
			sourceTree = "<group>";
		};
		F9D3C56620D3570C006EBF08 /* Views */ = {
			isa = PBXGroup;
			children = (
				F9D3C55B20D35698006EBF08 /* LaunchScreen.storyboard */,
				F9D3C55620D35696006EBF08 /* Main.storyboard */,
			);
			path = Views;
			sourceTree = "<group>";
		};
		F9D3C56720D35714006EBF08 /* Infrastructure */ = {
			isa = PBXGroup;
			children = (
				F9CD1DA720E14482008D5833 /* StaticMethods.swift */,
			);
			path = Infrastructure;
			sourceTree = "<group>";
		};
/* End PBXGroup section */

/* Begin PBXNativeTarget section */
		F9D3C54E20D35696006EBF08 /* Courseware */ = {
			isa = PBXNativeTarget;
			buildConfigurationList = F9D3C56120D35698006EBF08 /* Build configuration list for PBXNativeTarget "Courseware" */;
			buildPhases = (
				6535A44FA2CA2FB90CBA60AA /* [CP] Check Pods Manifest.lock */,
				F9D3C54B20D35696006EBF08 /* Sources */,
				F9D3C54C20D35696006EBF08 /* Frameworks */,
				F9D3C54D20D35696006EBF08 /* Resources */,
				5E661311A3CD7E976ACB1BC5 /* [CP] Embed Pods Frameworks */,
				F99336AE20D378000081B355 /* Embed Frameworks */,
			);
			buildRules = (
			);
			dependencies = (
			);
			name = Courseware;
			productName = Courseware;
			productReference = F9D3C54F20D35696006EBF08 /* Courseware.app */;
			productType = "com.apple.product-type.application";
		};
/* End PBXNativeTarget section */

/* Begin PBXProject section */
		F9D3C54720D35696006EBF08 /* Project object */ = {
			isa = PBXProject;
			attributes = {
				LastSwiftUpdateCheck = 0940;
				LastUpgradeCheck = 0940;
				ORGANIZATIONNAME = "Blacksmith Developers";
				TargetAttributes = {
					F9D3C54E20D35696006EBF08 = {
						CreatedOnToolsVersion = 9.4;
					};
				};
			};
			buildConfigurationList = F9D3C54A20D35696006EBF08 /* Build configuration list for PBXProject "Courseware" */;
			compatibilityVersion = "Xcode 9.3";
			developmentRegion = en;
			hasScannedForEncodings = 0;
			knownRegions = (
				en,
				Base,
			);
			mainGroup = F9D3C54620D35696006EBF08;
			productRefGroup = F9D3C55020D35696006EBF08 /* Products */;
			projectDirPath = "";
			projectRoot = "";
			targets = (
				F9D3C54E20D35696006EBF08 /* Courseware */,
			);
		};
/* End PBXProject section */

/* Begin PBXResourcesBuildPhase section */
		F9D3C54D20D35696006EBF08 /* Resources */ = {
			isa = PBXResourcesBuildPhase;
			buildActionMask = 2147483647;
			files = (
				F9D3C55D20D35698006EBF08 /* LaunchScreen.storyboard in Resources */,
				F9D3C55A20D35698006EBF08 /* Assets.xcassets in Resources */,
				F9D3C55820D35696006EBF08 /* Main.storyboard in Resources */,
			);
			runOnlyForDeploymentPostprocessing = 0;
		};
/* End PBXResourcesBuildPhase section */

/* Begin PBXShellScriptBuildPhase section */
		5E661311A3CD7E976ACB1BC5 /* [CP] Embed Pods Frameworks */ = {
			isa = PBXShellScriptBuildPhase;
			buildActionMask = 2147483647;
			files = (
			);
			inputPaths = (
				"${SRCROOT}/Pods/Target Support Files/Pods-Courseware/Pods-Courseware-frameworks.sh",
				"${BUILT_PRODUCTS_DIR}/ZIPFoundation/ZIPFoundation.framework",
			);
			name = "[CP] Embed Pods Frameworks";
			outputPaths = (
				"${TARGET_BUILD_DIR}/${FRAMEWORKS_FOLDER_PATH}/ZIPFoundation.framework",
			);
			runOnlyForDeploymentPostprocessing = 0;
			shellPath = /bin/sh;
			shellScript = "\"${SRCROOT}/Pods/Target Support Files/Pods-Courseware/Pods-Courseware-frameworks.sh\"\n";
			showEnvVarsInLog = 0;
		};
		6535A44FA2CA2FB90CBA60AA /* [CP] Check Pods Manifest.lock */ = {
			isa = PBXShellScriptBuildPhase;
			buildActionMask = 2147483647;
			files = (
			);
			inputPaths = (
				"${PODS_PODFILE_DIR_PATH}/Podfile.lock",
				"${PODS_ROOT}/Manifest.lock",
			);
			name = "[CP] Check Pods Manifest.lock";
			outputPaths = (
				"$(DERIVED_FILE_DIR)/Pods-Courseware-checkManifestLockResult.txt",
			);
			runOnlyForDeploymentPostprocessing = 0;
			shellPath = /bin/sh;
			shellScript = "diff \"${PODS_PODFILE_DIR_PATH}/Podfile.lock\" \"${PODS_ROOT}/Manifest.lock\" > /dev/null\nif [ $? != 0 ] ; then\n    # print error to STDERR\n    echo \"error: The sandbox is not in sync with the Podfile.lock. Run 'pod install' or update your CocoaPods installation.\" >&2\n    exit 1\nfi\n# This output is used by Xcode 'outputs' to avoid re-running this script phase.\necho \"SUCCESS\" > \"${SCRIPT_OUTPUT_FILE_0}\"\n";
			showEnvVarsInLog = 0;
		};
/* End PBXShellScriptBuildPhase section */

/* Begin PBXSourcesBuildPhase section */
		F9D3C54B20D35696006EBF08 /* Sources */ = {
			isa = PBXSourcesBuildPhase;
			buildActionMask = 2147483647;
			files = (
				F943372E20D6E2E600FF8454 /* Course.swift in Sources */,
				F9D3C55320D35696006EBF08 /* AppDelegate.swift in Sources */,
				F9CD1DA820E14482008D5833 /* StaticMethods.swift in Sources */,
				F943372C20D6D94E00FF8454 /* WebViewerViewController.swift in Sources */,
				F943373020D6E58600FF8454 /* CourseCatelog.swift in Sources */,
				F9D3C56920D3575F006EBF08 /* CourseListViewController.swift in Sources */,
			);
			runOnlyForDeploymentPostprocessing = 0;
		};
/* End PBXSourcesBuildPhase section */

/* Begin PBXVariantGroup section */
		F9D3C55620D35696006EBF08 /* Main.storyboard */ = {
			isa = PBXVariantGroup;
			children = (
				F9D3C55720D35696006EBF08 /* Base */,
			);
			name = Main.storyboard;
			sourceTree = "<group>";
		};
		F9D3C55B20D35698006EBF08 /* LaunchScreen.storyboard */ = {
			isa = PBXVariantGroup;
			children = (
				F9D3C55C20D35698006EBF08 /* Base */,
			);
			name = LaunchScreen.storyboard;
			sourceTree = "<group>";
		};
/* End PBXVariantGroup section */

/* Begin XCBuildConfiguration section */
		F9D3C55F20D35698006EBF08 /* Debug */ = {
			isa = XCBuildConfiguration;
			buildSettings = {
				ALWAYS_SEARCH_USER_PATHS = NO;
				CLANG_ANALYZER_NONNULL = YES;
				CLANG_ANALYZER_NUMBER_OBJECT_CONVERSION = YES_AGGRESSIVE;
				CLANG_CXX_LANGUAGE_STANDARD = "gnu++14";
				CLANG_CXX_LIBRARY = "libc++";
				CLANG_ENABLE_MODULES = YES;
				CLANG_ENABLE_OBJC_ARC = YES;
				CLANG_ENABLE_OBJC_WEAK = YES;
				CLANG_WARN_BLOCK_CAPTURE_AUTORELEASING = YES;
				CLANG_WARN_BOOL_CONVERSION = YES;
				CLANG_WARN_COMMA = YES;
				CLANG_WARN_CONSTANT_CONVERSION = YES;
				CLANG_WARN_DEPRECATED_OBJC_IMPLEMENTATIONS = YES;
				CLANG_WARN_DIRECT_OBJC_ISA_USAGE = YES_ERROR;
				CLANG_WARN_DOCUMENTATION_COMMENTS = YES;
				CLANG_WARN_EMPTY_BODY = YES;
				CLANG_WARN_ENUM_CONVERSION = YES;
				CLANG_WARN_INFINITE_RECURSION = YES;
				CLANG_WARN_INT_CONVERSION = YES;
				CLANG_WARN_NON_LITERAL_NULL_CONVERSION = YES;
				CLANG_WARN_OBJC_IMPLICIT_RETAIN_SELF = YES;
				CLANG_WARN_OBJC_LITERAL_CONVERSION = YES;
				CLANG_WARN_OBJC_ROOT_CLASS = YES_ERROR;
				CLANG_WARN_RANGE_LOOP_ANALYSIS = YES;
				CLANG_WARN_STRICT_PROTOTYPES = YES;
				CLANG_WARN_SUSPICIOUS_MOVE = YES;
				CLANG_WARN_UNGUARDED_AVAILABILITY = YES_AGGRESSIVE;
				CLANG_WARN_UNREACHABLE_CODE = YES;
				CLANG_WARN__DUPLICATE_METHOD_MATCH = YES;
				CODE_SIGN_IDENTITY = "iPhone Developer";
				COPY_PHASE_STRIP = NO;
				DEBUG_INFORMATION_FORMAT = dwarf;
				ENABLE_STRICT_OBJC_MSGSEND = YES;
				ENABLE_TESTABILITY = YES;
				GCC_C_LANGUAGE_STANDARD = gnu11;
				GCC_DYNAMIC_NO_PIC = NO;
				GCC_NO_COMMON_BLOCKS = YES;
				GCC_OPTIMIZATION_LEVEL = 0;
				GCC_PREPROCESSOR_DEFINITIONS = (
					"DEBUG=1",
					"$(inherited)",
				);
				GCC_WARN_64_TO_32_BIT_CONVERSION = YES;
				GCC_WARN_ABOUT_RETURN_TYPE = YES_ERROR;
				GCC_WARN_UNDECLARED_SELECTOR = YES;
				GCC_WARN_UNINITIALIZED_AUTOS = YES_AGGRESSIVE;
				GCC_WARN_UNUSED_FUNCTION = YES;
				GCC_WARN_UNUSED_VARIABLE = YES;
				IPHONEOS_DEPLOYMENT_TARGET = 11.4;
				MTL_ENABLE_DEBUG_INFO = YES;
				ONLY_ACTIVE_ARCH = YES;
				SDKROOT = iphoneos;
				SWIFT_ACTIVE_COMPILATION_CONDITIONS = DEBUG;
				SWIFT_OPTIMIZATION_LEVEL = "-Onone";
			};
			name = Debug;
		};
		F9D3C56020D35698006EBF08 /* Release */ = {
			isa = XCBuildConfiguration;
			buildSettings = {
				ALWAYS_SEARCH_USER_PATHS = NO;
				CLANG_ANALYZER_NONNULL = YES;
				CLANG_ANALYZER_NUMBER_OBJECT_CONVERSION = YES_AGGRESSIVE;
				CLANG_CXX_LANGUAGE_STANDARD = "gnu++14";
				CLANG_CXX_LIBRARY = "libc++";
				CLANG_ENABLE_MODULES = YES;
				CLANG_ENABLE_OBJC_ARC = YES;
				CLANG_ENABLE_OBJC_WEAK = YES;
				CLANG_WARN_BLOCK_CAPTURE_AUTORELEASING = YES;
				CLANG_WARN_BOOL_CONVERSION = YES;
				CLANG_WARN_COMMA = YES;
				CLANG_WARN_CONSTANT_CONVERSION = YES;
				CLANG_WARN_DEPRECATED_OBJC_IMPLEMENTATIONS = YES;
				CLANG_WARN_DIRECT_OBJC_ISA_USAGE = YES_ERROR;
				CLANG_WARN_DOCUMENTATION_COMMENTS = YES;
				CLANG_WARN_EMPTY_BODY = YES;
				CLANG_WARN_ENUM_CONVERSION = YES;
				CLANG_WARN_INFINITE_RECURSION = YES;
				CLANG_WARN_INT_CONVERSION = YES;
				CLANG_WARN_NON_LITERAL_NULL_CONVERSION = YES;
				CLANG_WARN_OBJC_IMPLICIT_RETAIN_SELF = YES;
				CLANG_WARN_OBJC_LITERAL_CONVERSION = YES;
				CLANG_WARN_OBJC_ROOT_CLASS = YES_ERROR;
				CLANG_WARN_RANGE_LOOP_ANALYSIS = YES;
				CLANG_WARN_STRICT_PROTOTYPES = YES;
				CLANG_WARN_SUSPICIOUS_MOVE = YES;
				CLANG_WARN_UNGUARDED_AVAILABILITY = YES_AGGRESSIVE;
				CLANG_WARN_UNREACHABLE_CODE = YES;
				CLANG_WARN__DUPLICATE_METHOD_MATCH = YES;
				CODE_SIGN_IDENTITY = "iPhone Developer";
				COPY_PHASE_STRIP = NO;
				DEBUG_INFORMATION_FORMAT = "dwarf-with-dsym";
				ENABLE_NS_ASSERTIONS = NO;
				ENABLE_STRICT_OBJC_MSGSEND = YES;
				GCC_C_LANGUAGE_STANDARD = gnu11;
				GCC_NO_COMMON_BLOCKS = YES;
				GCC_WARN_64_TO_32_BIT_CONVERSION = YES;
				GCC_WARN_ABOUT_RETURN_TYPE = YES_ERROR;
				GCC_WARN_UNDECLARED_SELECTOR = YES;
				GCC_WARN_UNINITIALIZED_AUTOS = YES_AGGRESSIVE;
				GCC_WARN_UNUSED_FUNCTION = YES;
				GCC_WARN_UNUSED_VARIABLE = YES;
				IPHONEOS_DEPLOYMENT_TARGET = 11.4;
				MTL_ENABLE_DEBUG_INFO = NO;
				SDKROOT = iphoneos;
				SWIFT_COMPILATION_MODE = wholemodule;
				SWIFT_OPTIMIZATION_LEVEL = "-O";
				VALIDATE_PRODUCT = YES;
			};
			name = Release;
		};
		F9D3C56220D35698006EBF08 /* Debug */ = {
			isa = XCBuildConfiguration;
			baseConfigurationReference = C643831EAEACCB58CAB581F7 /* Pods-Courseware.debug.xcconfig */;
			buildSettings = {
				ASSETCATALOG_COMPILER_APPICON_NAME = AppIcon;
				CODE_SIGN_STYLE = Automatic;
				DEVELOPMENT_TEAM = W29774Y62S;
				INFOPLIST_FILE = Courseware/Info.plist;
				IPHONEOS_DEPLOYMENT_TARGET = 11.2;
				LD_RUNPATH_SEARCH_PATHS = (
					"$(inherited)",
					"@executable_path/Frameworks",
				);
				PRODUCT_BUNDLE_IDENTIFIER = com.BlackSmithDevelopers.Courseware;
				PRODUCT_NAME = "$(TARGET_NAME)";
				SWIFT_VERSION = 4.0;
				TARGETED_DEVICE_FAMILY = 2;
			};
			name = Debug;
		};
		F9D3C56320D35698006EBF08 /* Release */ = {
			isa = XCBuildConfiguration;
			baseConfigurationReference = 79D7465BEF70D41405D0D8D9 /* Pods-Courseware.release.xcconfig */;
			buildSettings = {
				ASSETCATALOG_COMPILER_APPICON_NAME = AppIcon;
				CODE_SIGN_STYLE = Automatic;
				DEVELOPMENT_TEAM = W29774Y62S;
				INFOPLIST_FILE = Courseware/Info.plist;
				IPHONEOS_DEPLOYMENT_TARGET = 11.2;
				LD_RUNPATH_SEARCH_PATHS = (
					"$(inherited)",
					"@executable_path/Frameworks",
				);
				PRODUCT_BUNDLE_IDENTIFIER = com.BlackSmithDevelopers.Courseware;
				PRODUCT_NAME = "$(TARGET_NAME)";
				SWIFT_VERSION = 4.0;
				TARGETED_DEVICE_FAMILY = 2;
			};
			name = Release;
		};
/* End XCBuildConfiguration section */

/* Begin XCConfigurationList section */
		F9D3C54A20D35696006EBF08 /* Build configuration list for PBXProject "Courseware" */ = {
			isa = XCConfigurationList;
			buildConfigurations = (
				F9D3C55F20D35698006EBF08 /* Debug */,
				F9D3C56020D35698006EBF08 /* Release */,
			);
			defaultConfigurationIsVisible = 0;
			defaultConfigurationName = Release;
		};
		F9D3C56120D35698006EBF08 /* Build configuration list for PBXNativeTarget "Courseware" */ = {
			isa = XCConfigurationList;
			buildConfigurations = (
				F9D3C56220D35698006EBF08 /* Debug */,
				F9D3C56320D35698006EBF08 /* Release */,
			);
			defaultConfigurationIsVisible = 0;
			defaultConfigurationName = Release;
		};
/* End XCConfigurationList section */
	};
	rootObject = F9D3C54720D35696006EBF08 /* Project object */;
}
